
Microsoft Visual Studio Solution File, Format Version 12.00
# Visual Studio Version 16
VisualStudioVersion = 16.0.29911.84
MinimumVisualStudioVersion = 10.0.40219.1
Project("{FAE04EC0-301F-11D3-BF4B-00C04F79EFBC}") = "WebApplication1", "WebApplication1\WebApplication1.csproj", "{3A572971-7E0D-4ADB-90AE-4FBEAA3760FD}"
EndProject
Global
	GlobalSection(SolutionConfigurationPlatforms) = preSolution
		Debug|Any CPU = Debug|Any CPU
		Release|Any CPU = Release|Any CPU
	EndGlobalSection
	GlobalSection(ProjectConfigurationPlatforms) = postSolution
		{3A572971-7E0D-4ADB-90AE-4FBEAA3760FD}.Debug|Any CPU.ActiveCfg = Debug|Any CPU
		{3A572971-7E0D-4ADB-90AE-4FBEAA3760FD}.Debug|Any CPU.Build.0 = Debug|Any CPU
		{3A572971-7E0D-4ADB-90AE-4FBEAA3760FD}.Release|Any CPU.ActiveCfg = Release|Any CPU
		{3A572971-7E0D-4ADB-90AE-4FBEAA3760FD}.Release|Any CPU.Build.0 = Release|Any CPU
	EndGlobalSection
	GlobalSection(SolutionProperties) = preSolution
		HideSolutionNode = FALSE
	EndGlobalSection
	GlobalSection(ExtensibilityGlobals) = postSolution
		SolutionGuid = {9A910A79-970D-4F81-95A2-7FE9211064A7}
	EndGlobalSection
EndGlobal
